
Microsoft Visual Studio Solution File, Format Version 11.00
# Visual Studio 2010
Project("{FAE04EC0-301F-11D3-BF4B-00C04F79EFBC}") = "Repoman.Core", "Repoman.Core\Repoman.Core.csproj", "{1843B254-0625-4668-9B64-7D202AC17061}"
EndProject
Project("{FAE04EC0-301F-11D3-BF4B-00C04F79EFBC}") = "Repoman.Core.Test", "Repoman.Core.Test\Repoman.Core.Test.csproj", "{724894F5-99F5-40A5-8B7B-4F34318621D0}"
EndProject
Project("{2150E333-8FDC-42A3-9474-1A3956D46DE8}") = "Config", "Config", "{6798F481-1593-495F-BD85-BE3B3BD82FEC}"
	ProjectSection(SolutionItems) = preProject
		Config\Repoman.nuspec = Config\Repoman.nuspec
	EndProjectSection
EndProject
Project("{2150E333-8FDC-42A3-9474-1A3956D46DE8}") = "Tools", "Tools", "{192247DF-1DF1-424E-940C-FF3B8387DECF}"
	ProjectSection(SolutionItems) = preProject
		Tools\deploy.bat = Tools\deploy.bat
		Tools\NuGet.exe = Tools\NuGet.exe
	EndProjectSection
EndProject
Global
	GlobalSection(SolutionConfigurationPlatforms) = preSolution
		Debug|Any CPU = Debug|Any CPU
		Release|Any CPU = Release|Any CPU
	EndGlobalSection
	GlobalSection(ProjectConfigurationPlatforms) = postSolution
		{1843B254-0625-4668-9B64-7D202AC17061}.Debug|Any CPU.ActiveCfg = Debug|Any CPU
		{1843B254-0625-4668-9B64-7D202AC17061}.Debug|Any CPU.Build.0 = Debug|Any CPU
		{1843B254-0625-4668-9B64-7D202AC17061}.Release|Any CPU.ActiveCfg = Release|Any CPU
		{1843B254-0625-4668-9B64-7D202AC17061}.Release|Any CPU.Build.0 = Release|Any CPU
		{724894F5-99F5-40A5-8B7B-4F34318621D0}.Debug|Any CPU.ActiveCfg = Debug|Any CPU
		{724894F5-99F5-40A5-8B7B-4F34318621D0}.Debug|Any CPU.Build.0 = Debug|Any CPU
		{724894F5-99F5-40A5-8B7B-4F34318621D0}.Release|Any CPU.ActiveCfg = Release|Any CPU
		{724894F5-99F5-40A5-8B7B-4F34318621D0}.Release|Any CPU.Build.0 = Release|Any CPU
	EndGlobalSection
	GlobalSection(SolutionProperties) = preSolution
		HideSolutionNode = FALSE
	EndGlobalSection
EndGlobal
