
Microsoft Visual Studio Solution File, Format Version 11.00
# Visual Studio 2010
Project("{FAE04EC0-301F-11D3-BF4B-00C04F79EFBC}") = "Repoman.Core", "Repoman.Core\Repoman.Core.csproj", "{1843B254-0625-4668-9B64-7D202AC17061}"
EndProject
Project("{FAE04EC0-301F-11D3-BF4B-00C04F79EFBC}") = "Repoman.Core.Test", "Repoman.Core.Test\Repoman.Core.Test.csproj", "{724894F5-99F5-40A5-8B7B-4F34318621D0}"
EndProject
Global
	GlobalSection(SolutionConfigurationPlatforms) = preSolution
		Debug|Any CPU = Debug|Any CPU
		Release|Any CPU = Release|Any CPU
	EndGlobalSection
	GlobalSection(ProjectConfigurationPlatforms) = postSolution
		{1843B254-0625-4668-9B64-7D202AC17061}.Debug|Any CPU.ActiveCfg = Debug|Any CPU
		{1843B254-0625-4668-9B64-7D202AC17061}.Debug|Any CPU.Build.0 = Debug|Any CPU
		{1843B254-0625-4668-9B64-7D202AC17061}.Release|Any CPU.ActiveCfg = Release|Any CPU
		{1843B254-0625-4668-9B64-7D202AC17061}.Release|Any CPU.Build.0 = Release|Any CPU
		{724894F5-99F5-40A5-8B7B-4F34318621D0}.Debug|Any CPU.ActiveCfg = Debug|Any CPU
		{724894F5-99F5-40A5-8B7B-4F34318621D0}.Debug|Any CPU.Build.0 = Debug|Any CPU
		{724894F5-99F5-40A5-8B7B-4F34318621D0}.Release|Any CPU.ActiveCfg = Release|Any CPU
		{724894F5-99F5-40A5-8B7B-4F34318621D0}.Release|Any CPU.Build.0 = Release|Any CPU
	EndGlobalSection
	GlobalSection(SolutionProperties) = preSolution
		HideSolutionNode = FALSE
	EndGlobalSection
EndGlobal
